
Microsoft Visual Studio Solution File, Format Version 12.00
# Visual Studio Version 16
VisualStudioVersion = 16.0.30011.22
MinimumVisualStudioVersion = 10.0.40219.1
Project("{FAE04EC0-301F-11D3-BF4B-00C04F79EFBC}") = "UPT.UI", "UPT.UI\UPT.UI.csproj", "{E4D4FE05-B63C-4FA2-A9AC-3E6DE6B444EC}"
EndProject
Project("{FAE04EC0-301F-11D3-BF4B-00C04F79EFBC}") = "UPT.DataAccess", "UPT.DataAccess\UPT.DataAccess.csproj", "{ED9C0372-9472-4D8C-ADD9-93BF22CAD9AA}"
EndProject
Project("{FAE04EC0-301F-11D3-BF4B-00C04F79EFBC}") = "UPT.BusinessEngine", "UPT.BusinessEngine\UPT.BusinessEngine.csproj", "{703D2730-55AE-4359-8958-461EDBC4DDEB}"
EndProject
Project("{FAE04EC0-301F-11D3-BF4B-00C04F79EFBC}") = "UPT.Common", "UPT.Common\UPT.Common.csproj", "{EA8D1963-1A1A-4652-884A-DC7DD2EE4F22}"
EndProject
Global
	GlobalSection(SolutionConfigurationPlatforms) = preSolution
		Debug|Any CPU = Debug|Any CPU
		Release|Any CPU = Release|Any CPU
	EndGlobalSection
	GlobalSection(ProjectConfigurationPlatforms) = postSolution
		{E4D4FE05-B63C-4FA2-A9AC-3E6DE6B444EC}.Debug|Any CPU.ActiveCfg = Debug|Any CPU
		{E4D4FE05-B63C-4FA2-A9AC-3E6DE6B444EC}.Debug|Any CPU.Build.0 = Debug|Any CPU
		{E4D4FE05-B63C-4FA2-A9AC-3E6DE6B444EC}.Release|Any CPU.ActiveCfg = Release|Any CPU
		{E4D4FE05-B63C-4FA2-A9AC-3E6DE6B444EC}.Release|Any CPU.Build.0 = Release|Any CPU
		{ED9C0372-9472-4D8C-ADD9-93BF22CAD9AA}.Debug|Any CPU.ActiveCfg = Debug|Any CPU
		{ED9C0372-9472-4D8C-ADD9-93BF22CAD9AA}.Debug|Any CPU.Build.0 = Debug|Any CPU
		{ED9C0372-9472-4D8C-ADD9-93BF22CAD9AA}.Release|Any CPU.ActiveCfg = Release|Any CPU
		{ED9C0372-9472-4D8C-ADD9-93BF22CAD9AA}.Release|Any CPU.Build.0 = Release|Any CPU
		{703D2730-55AE-4359-8958-461EDBC4DDEB}.Debug|Any CPU.ActiveCfg = Debug|Any CPU
		{703D2730-55AE-4359-8958-461EDBC4DDEB}.Debug|Any CPU.Build.0 = Debug|Any CPU
		{703D2730-55AE-4359-8958-461EDBC4DDEB}.Release|Any CPU.ActiveCfg = Release|Any CPU
		{703D2730-55AE-4359-8958-461EDBC4DDEB}.Release|Any CPU.Build.0 = Release|Any CPU
		{EA8D1963-1A1A-4652-884A-DC7DD2EE4F22}.Debug|Any CPU.ActiveCfg = Debug|Any CPU
		{EA8D1963-1A1A-4652-884A-DC7DD2EE4F22}.Debug|Any CPU.Build.0 = Debug|Any CPU
		{EA8D1963-1A1A-4652-884A-DC7DD2EE4F22}.Release|Any CPU.ActiveCfg = Release|Any CPU
		{EA8D1963-1A1A-4652-884A-DC7DD2EE4F22}.Release|Any CPU.Build.0 = Release|Any CPU
	EndGlobalSection
	GlobalSection(SolutionProperties) = preSolution
		HideSolutionNode = FALSE
	EndGlobalSection
	GlobalSection(ExtensibilityGlobals) = postSolution
		SolutionGuid = {9B2D7C0F-6A53-4E45-9465-6CE99AC20F05}
	EndGlobalSection
EndGlobal
